
Microsoft Visual Studio Solution File, Format Version 12.00
# Visual Studio Version 16
VisualStudioVersion = 16.0.31005.135
MinimumVisualStudioVersion = 10.0.40219.1
Project("{9A19103F-16F7-4668-BE54-9A1E7A4F7556}") = "Converter", "Converter\Converter.csproj", "{B9D4371F-668C-47D0-BA5C-A3CA9AFDA785}"
EndProject
Project("{9A19103F-16F7-4668-BE54-9A1E7A4F7556}") = "Converter.Tests", "Converter.Tests\Converter.Tests.csproj", "{FE6DCDE0-2997-4542-AF3B-4C9ED79F9A6B}"
EndProject
Global
	GlobalSection(SolutionConfigurationPlatforms) = preSolution
		Debug|Any CPU = Debug|Any CPU
		Release|Any CPU = Release|Any CPU
	EndGlobalSection
	GlobalSection(ProjectConfigurationPlatforms) = postSolution
		{B9D4371F-668C-47D0-BA5C-A3CA9AFDA785}.Debug|Any CPU.ActiveCfg = Debug|Any CPU
		{B9D4371F-668C-47D0-BA5C-A3CA9AFDA785}.Debug|Any CPU.Build.0 = Debug|Any CPU
		{B9D4371F-668C-47D0-BA5C-A3CA9AFDA785}.Release|Any CPU.ActiveCfg = Release|Any CPU
		{B9D4371F-668C-47D0-BA5C-A3CA9AFDA785}.Release|Any CPU.Build.0 = Release|Any CPU
		{FE6DCDE0-2997-4542-AF3B-4C9ED79F9A6B}.Debug|Any CPU.ActiveCfg = Debug|Any CPU
		{FE6DCDE0-2997-4542-AF3B-4C9ED79F9A6B}.Debug|Any CPU.Build.0 = Debug|Any CPU
		{FE6DCDE0-2997-4542-AF3B-4C9ED79F9A6B}.Release|Any CPU.ActiveCfg = Release|Any CPU
		{FE6DCDE0-2997-4542-AF3B-4C9ED79F9A6B}.Release|Any CPU.Build.0 = Release|Any CPU
	EndGlobalSection
	GlobalSection(SolutionProperties) = preSolution
		HideSolutionNode = FALSE
	EndGlobalSection
	GlobalSection(ExtensibilityGlobals) = postSolution
		SolutionGuid = {D0EF83BF-81F3-4EF1-B281-C416BF107723}
	EndGlobalSection
EndGlobal
